
Microsoft Visual Studio Solution File, Format Version 12.00
# Visual Studio Version 17
VisualStudioVersion = 17.7.34221.43
MinimumVisualStudioVersion = 10.0.40219.1
Project("{FAE04EC0-301F-11D3-BF4B-00C04F79EFBC}") = "Verificacação de Palíndromos", "Verificacação de Palíndromos\Verificacação de Palíndromos.csproj", "{CECA62D0-949B-4617-A4C3-0B500B24644B}"
EndProject
Global
	GlobalSection(SolutionConfigurationPlatforms) = preSolution
		Debug|Any CPU = Debug|Any CPU
		Release|Any CPU = Release|Any CPU
	EndGlobalSection
	GlobalSection(ProjectConfigurationPlatforms) = postSolution
		{CECA62D0-949B-4617-A4C3-0B500B24644B}.Debug|Any CPU.ActiveCfg = Debug|Any CPU
		{CECA62D0-949B-4617-A4C3-0B500B24644B}.Debug|Any CPU.Build.0 = Debug|Any CPU
		{CECA62D0-949B-4617-A4C3-0B500B24644B}.Release|Any CPU.ActiveCfg = Release|Any CPU
		{CECA62D0-949B-4617-A4C3-0B500B24644B}.Release|Any CPU.Build.0 = Release|Any CPU
	EndGlobalSection
	GlobalSection(SolutionProperties) = preSolution
		HideSolutionNode = FALSE
	EndGlobalSection
	GlobalSection(ExtensibilityGlobals) = postSolution
		SolutionGuid = {10596F16-ED33-4251-8149-4B465B2850DD}
	EndGlobalSection
EndGlobal
