
Microsoft Visual Studio Solution File, Format Version 12.00
# Visual Studio Version 17
VisualStudioVersion = 17.7.34221.43
MinimumVisualStudioVersion = 10.0.40219.1
Project("{FAE04EC0-301F-11D3-BF4B-00C04F79EFBC}") = "Ordenação Simples", "Ordenação Simples\Ordenação Simples.csproj", "{33D7DF54-A81B-4466-8DAE-02315C313BE6}"
EndProject
Global
	GlobalSection(SolutionConfigurationPlatforms) = preSolution
		Debug|Any CPU = Debug|Any CPU
		Release|Any CPU = Release|Any CPU
	EndGlobalSection
	GlobalSection(ProjectConfigurationPlatforms) = postSolution
		{33D7DF54-A81B-4466-8DAE-02315C313BE6}.Debug|Any CPU.ActiveCfg = Debug|Any CPU
		{33D7DF54-A81B-4466-8DAE-02315C313BE6}.Debug|Any CPU.Build.0 = Debug|Any CPU
		{33D7DF54-A81B-4466-8DAE-02315C313BE6}.Release|Any CPU.ActiveCfg = Release|Any CPU
		{33D7DF54-A81B-4466-8DAE-02315C313BE6}.Release|Any CPU.Build.0 = Release|Any CPU
	EndGlobalSection
	GlobalSection(SolutionProperties) = preSolution
		HideSolutionNode = FALSE
	EndGlobalSection
	GlobalSection(ExtensibilityGlobals) = postSolution
		SolutionGuid = {8A85EE8F-78AD-489D-AC04-19E76A579580}
	EndGlobalSection
EndGlobal
